
Microsoft Visual Studio Solution File, Format Version 12.00
Project("{FAE04EC0-301F-11D3-BF4B-00C04F79EFBC}") = "FeatureStorage", "src\FeatureStorage\FeatureStorage.csproj", "{6114A2A8-40D2-4345-8DF3-0AA8F43DD6A7}"
EndProject
Project("{FAE04EC0-301F-11D3-BF4B-00C04F79EFBC}") = "Startup", "src\Startup\Startup.csproj", "{DF222501-DAD9-42A7-8E99-4F48437B0EBE}"
EndProject
Project("{FAE04EC0-301F-11D3-BF4B-00C04F79EFBC}") = "FeatureStorage.Benchmark", "bench\FeatureStorage.Benchmark\FeatureStorage.Benchmark.csproj", "{23504B82-AB58-4CB0-A42A-1F313A8F56EC}"
EndProject
Project("{2150E333-8FDC-42A3-9474-1A3956D46DE8}") = "tests", "tests", "{10870B12-DC28-4518-8E1A-1CE30D290CD0}"
EndProject
Project("{FAE04EC0-301F-11D3-BF4B-00C04F79EFBC}") = "FeatureStorage.Tests", "tests\FeatureStorage.Tests\FeatureStorage.Tests.csproj", "{1968213B-60B2-4EBB-983F-A33D853D9976}"
EndProject
Global
	GlobalSection(SolutionConfigurationPlatforms) = preSolution
		Debug|Any CPU = Debug|Any CPU
		Release|Any CPU = Release|Any CPU
	EndGlobalSection
	GlobalSection(ProjectConfigurationPlatforms) = postSolution
		{6114A2A8-40D2-4345-8DF3-0AA8F43DD6A7}.Debug|Any CPU.ActiveCfg = Debug|Any CPU
		{6114A2A8-40D2-4345-8DF3-0AA8F43DD6A7}.Debug|Any CPU.Build.0 = Debug|Any CPU
		{6114A2A8-40D2-4345-8DF3-0AA8F43DD6A7}.Release|Any CPU.ActiveCfg = Release|Any CPU
		{6114A2A8-40D2-4345-8DF3-0AA8F43DD6A7}.Release|Any CPU.Build.0 = Release|Any CPU
		{DF222501-DAD9-42A7-8E99-4F48437B0EBE}.Debug|Any CPU.ActiveCfg = Debug|Any CPU
		{DF222501-DAD9-42A7-8E99-4F48437B0EBE}.Debug|Any CPU.Build.0 = Debug|Any CPU
		{DF222501-DAD9-42A7-8E99-4F48437B0EBE}.Release|Any CPU.ActiveCfg = Release|Any CPU
		{DF222501-DAD9-42A7-8E99-4F48437B0EBE}.Release|Any CPU.Build.0 = Release|Any CPU
		{23504B82-AB58-4CB0-A42A-1F313A8F56EC}.Debug|Any CPU.ActiveCfg = Debug|Any CPU
		{23504B82-AB58-4CB0-A42A-1F313A8F56EC}.Debug|Any CPU.Build.0 = Debug|Any CPU
		{23504B82-AB58-4CB0-A42A-1F313A8F56EC}.Release|Any CPU.ActiveCfg = Release|Any CPU
		{23504B82-AB58-4CB0-A42A-1F313A8F56EC}.Release|Any CPU.Build.0 = Release|Any CPU
		{1968213B-60B2-4EBB-983F-A33D853D9976}.Debug|Any CPU.ActiveCfg = Debug|Any CPU
		{1968213B-60B2-4EBB-983F-A33D853D9976}.Debug|Any CPU.Build.0 = Debug|Any CPU
		{1968213B-60B2-4EBB-983F-A33D853D9976}.Release|Any CPU.ActiveCfg = Release|Any CPU
		{1968213B-60B2-4EBB-983F-A33D853D9976}.Release|Any CPU.Build.0 = Release|Any CPU
	EndGlobalSection
	GlobalSection(NestedProjects) = preSolution
		{1968213B-60B2-4EBB-983F-A33D853D9976} = {10870B12-DC28-4518-8E1A-1CE30D290CD0}
	EndGlobalSection
EndGlobal
